// !$*UTF8*$!
{
	archiveVersion = 1;
	classes = {
	};
	objectVersion = 50;
	objects = {

/* Begin PBXBuildFile section */
		5D4E80D9996BBDAC3DF3DCA5 /* Pods_SampleM.framework in Frameworks */ = {isa = PBXBuildFile; fileRef = ADA9E10032D2D1BA8A646E71 /* Pods_SampleM.framework */; };
		6D80A61D214BB7B9009B1EEF /* AppDelegate.swift in Sources */ = {isa = PBXBuildFile; fileRef = 6D80A61C214BB7B9009B1EEF /* AppDelegate.swift */; };
		6D80A624214BB7BA009B1EEF /* Assets.xcassets in Resources */ = {isa = PBXBuildFile; fileRef = 6D80A623214BB7BA009B1EEF /* Assets.xcassets */; };
		6D80A627214BB7BA009B1EEF /* LaunchScreen.storyboard in Resources */ = {isa = PBXBuildFile; fileRef = 6D80A625214BB7BA009B1EEF /* LaunchScreen.storyboard */; };
		6D80A636214BB856009B1EEF /* ValueInputViewController.xib in Resources */ = {isa = PBXBuildFile; fileRef = 6D80A62F214BB855009B1EEF /* ValueInputViewController.xib */; };
		6D80A637214BB856009B1EEF /* ValueInputViewController.swift in Sources */ = {isa = PBXBuildFile; fileRef = 6D80A630214BB855009B1EEF /* ValueInputViewController.swift */; };
		6D80A638214BB856009B1EEF /* MainViewController.swift in Sources */ = {isa = PBXBuildFile; fileRef = 6D80A631214BB855009B1EEF /* MainViewController.swift */; };
		6D80A639214BB856009B1EEF /* PushButtonViewController.xib in Resources */ = {isa = PBXBuildFile; fileRef = 6D80A633214BB855009B1EEF /* PushButtonViewController.xib */; };
		6D80A63A214BB856009B1EEF /* PushButtonViewController.swift in Sources */ = {isa = PBXBuildFile; fileRef = 6D80A634214BB855009B1EEF /* PushButtonViewController.swift */; };
		6D80A63B214BB856009B1EEF /* MainViewController.xib in Resources */ = {isa = PBXBuildFile; fileRef = 6D80A635214BB856009B1EEF /* MainViewController.xib */; };
		6D80A63D214BB897009B1EEF /* Environment.swift in Sources */ = {isa = PBXBuildFile; fileRef = 6D80A63C214BB897009B1EEF /* Environment.swift */; };
/* End PBXBuildFile section */

/* Begin PBXFileReference section */
		6D80A619214BB7B9009B1EEF /* SampleM.app */ = {isa = PBXFileReference; explicitFileType = wrapper.application; includeInIndex = 0; path = SampleM.app; sourceTree = BUILT_PRODUCTS_DIR; };
		6D80A61C214BB7B9009B1EEF /* AppDelegate.swift */ = {isa = PBXFileReference; lastKnownFileType = sourcecode.swift; path = AppDelegate.swift; sourceTree = "<group>"; };
		6D80A623214BB7BA009B1EEF /* Assets.xcassets */ = {isa = PBXFileReference; lastKnownFileType = folder.assetcatalog; path = Assets.xcassets; sourceTree = "<group>"; };
		6D80A626214BB7BA009B1EEF /* Base */ = {isa = PBXFileReference; lastKnownFileType = file.storyboard; name = Base; path = Base.lproj/LaunchScreen.storyboard; sourceTree = "<group>"; };
		6D80A628214BB7BA009B1EEF /* Info.plist */ = {isa = PBXFileReference; lastKnownFileType = text.plist.xml; path = Info.plist; sourceTree = "<group>"; };
		6D80A62F214BB855009B1EEF /* ValueInputViewController.xib */ = {isa = PBXFileReference; fileEncoding = 4; lastKnownFileType = file.xib; path = ValueInputViewController.xib; sourceTree = "<group>"; };
		6D80A630214BB855009B1EEF /* ValueInputViewController.swift */ = {isa = PBXFileReference; fileEncoding = 4; lastKnownFileType = sourcecode.swift; path = ValueInputViewController.swift; sourceTree = "<group>"; };
		6D80A631214BB855009B1EEF /* MainViewController.swift */ = {isa = PBXFileReference; fileEncoding = 4; lastKnownFileType = sourcecode.swift; path = MainViewController.swift; sourceTree = "<group>"; };
		6D80A633214BB855009B1EEF /* PushButtonViewController.xib */ = {isa = PBXFileReference; fileEncoding = 4; lastKnownFileType = file.xib; path = PushButtonViewController.xib; sourceTree = "<group>"; };
		6D80A634214BB855009B1EEF /* PushButtonViewController.swift */ = {isa = PBXFileReference; fileEncoding = 4; lastKnownFileType = sourcecode.swift; path = PushButtonViewController.swift; sourceTree = "<group>"; };
		6D80A635214BB856009B1EEF /* MainViewController.xib */ = {isa = PBXFileReference; fileEncoding = 4; lastKnownFileType = file.xib; path = MainViewController.xib; sourceTree = "<group>"; };
		6D80A63C214BB897009B1EEF /* Environment.swift */ = {isa = PBXFileReference; fileEncoding = 4; lastKnownFileType = sourcecode.swift; path = Environment.swift; sourceTree = "<group>"; };
		ADA9E10032D2D1BA8A646E71 /* Pods_SampleM.framework */ = {isa = PBXFileReference; explicitFileType = wrapper.framework; includeInIndex = 0; path = Pods_SampleM.framework; sourceTree = BUILT_PRODUCTS_DIR; };
		D4C2DB5306C4F4B2955FA6C2 /* Pods-SampleM.debug.xcconfig */ = {isa = PBXFileReference; includeInIndex = 1; lastKnownFileType = text.xcconfig; name = "Pods-SampleM.debug.xcconfig"; path = "Pods/Target Support Files/Pods-SampleM/Pods-SampleM.debug.xcconfig"; sourceTree = "<group>"; };
		E3DE29FBDB7257D3B1A5695C /* Pods-SampleM.release.xcconfig */ = {isa = PBXFileReference; includeInIndex = 1; lastKnownFileType = text.xcconfig; name = "Pods-SampleM.release.xcconfig"; path = "Pods/Target Support Files/Pods-SampleM/Pods-SampleM.release.xcconfig"; sourceTree = "<group>"; };
/* End PBXFileReference section */

/* Begin PBXFrameworksBuildPhase section */
		6D80A616214BB7B9009B1EEF /* Frameworks */ = {
			isa = PBXFrameworksBuildPhase;
			buildActionMask = 2147483647;
			files = (
				5D4E80D9996BBDAC3DF3DCA5 /* Pods_SampleM.framework in Frameworks */,
			);
			runOnlyForDeploymentPostprocessing = 0;
		};
/* End PBXFrameworksBuildPhase section */

/* Begin PBXGroup section */
		27143F448571854A726AB433 /* Frameworks */ = {
			isa = PBXGroup;
			children = (
				ADA9E10032D2D1BA8A646E71 /* Pods_SampleM.framework */,
			);
			name = Frameworks;
			sourceTree = "<group>";
		};
		6D80A610214BB7B9009B1EEF = {
			isa = PBXGroup;
			children = (
				6D80A61B214BB7B9009B1EEF /* SampleM */,
				6D80A61A214BB7B9009B1EEF /* Products */,
				8582AF939320048789F141AF /* Pods */,
				27143F448571854A726AB433 /* Frameworks */,
			);
			sourceTree = "<group>";
		};
		6D80A61A214BB7B9009B1EEF /* Products */ = {
			isa = PBXGroup;
			children = (
				6D80A619214BB7B9009B1EEF /* SampleM.app */,
			);
			name = Products;
			sourceTree = "<group>";
		};
		6D80A61B214BB7B9009B1EEF /* SampleM */ = {
			isa = PBXGroup;
			children = (
				6D80A63C214BB897009B1EEF /* Environment.swift */,
				6D80A631214BB855009B1EEF /* MainViewController.swift */,
				6D80A635214BB856009B1EEF /* MainViewController.xib */,
				6D80A632214BB855009B1EEF /* PushButton */,
				6D80A62E214BB855009B1EEF /* ValueInput */,
				6D80A61C214BB7B9009B1EEF /* AppDelegate.swift */,
				6D80A623214BB7BA009B1EEF /* Assets.xcassets */,
				6D80A625214BB7BA009B1EEF /* LaunchScreen.storyboard */,
				6D80A628214BB7BA009B1EEF /* Info.plist */,
			);
			path = SampleM;
			sourceTree = "<group>";
		};
		6D80A62E214BB855009B1EEF /* ValueInput */ = {
			isa = PBXGroup;
			children = (
				6D80A62F214BB855009B1EEF /* ValueInputViewController.xib */,
				6D80A630214BB855009B1EEF /* ValueInputViewController.swift */,
			);
			path = ValueInput;
			sourceTree = "<group>";
		};
		6D80A632214BB855009B1EEF /* PushButton */ = {
			isa = PBXGroup;
			children = (
				6D80A633214BB855009B1EEF /* PushButtonViewController.xib */,
				6D80A634214BB855009B1EEF /* PushButtonViewController.swift */,
			);
			path = PushButton;
			sourceTree = "<group>";
		};
		8582AF939320048789F141AF /* Pods */ = {
			isa = PBXGroup;
			children = (
				D4C2DB5306C4F4B2955FA6C2 /* Pods-SampleM.debug.xcconfig */,
				E3DE29FBDB7257D3B1A5695C /* Pods-SampleM.release.xcconfig */,
			);
			name = Pods;
			sourceTree = "<group>";
		};
/* End PBXGroup section */

/* Begin PBXNativeTarget section */
		6D80A618214BB7B9009B1EEF /* SampleM */ = {
			isa = PBXNativeTarget;
			buildConfigurationList = 6D80A62B214BB7BA009B1EEF /* Build configuration list for PBXNativeTarget "SampleM" */;
			buildPhases = (
				F7993CD960C8B9DCE72D2320 /* [CP] Check Pods Manifest.lock */,
				6D80A615214BB7B9009B1EEF /* Sources */,
				6D80A616214BB7B9009B1EEF /* Frameworks */,
				6D80A617214BB7B9009B1EEF /* Resources */,
				0AA8D5869641975A86E99BAD /* [CP] Embed Pods Frameworks */,
			);
			buildRules = (
			);
			dependencies = (
			);
			name = SampleM;
			productName = SampleM;
			productReference = 6D80A619214BB7B9009B1EEF /* SampleM.app */;
			productType = "com.apple.product-type.application";
		};
/* End PBXNativeTarget section */

/* Begin PBXProject section */
		6D80A611214BB7B9009B1EEF /* Project object */ = {
			isa = PBXProject;
			attributes = {
				LastSwiftUpdateCheck = 0940;
				LastUpgradeCheck = 0940;
				ORGANIZATIONNAME = "朴 成基";
				TargetAttributes = {
					6D80A618214BB7B9009B1EEF = {
						CreatedOnToolsVersion = 9.4;
					};
				};
			};
			buildConfigurationList = 6D80A614214BB7B9009B1EEF /* Build configuration list for PBXProject "SampleM" */;
			compatibilityVersion = "Xcode 9.3";
			developmentRegion = en;
			hasScannedForEncodings = 0;
			knownRegions = (
				en,
				Base,
			);
			mainGroup = 6D80A610214BB7B9009B1EEF;
			productRefGroup = 6D80A61A214BB7B9009B1EEF /* Products */;
			projectDirPath = "";
			projectRoot = "";
			targets = (
				6D80A618214BB7B9009B1EEF /* SampleM */,
			);
		};
/* End PBXProject section */

/* Begin PBXResourcesBuildPhase section */
		6D80A617214BB7B9009B1EEF /* Resources */ = {
			isa = PBXResourcesBuildPhase;
			buildActionMask = 2147483647;
			files = (
				6D80A639214BB856009B1EEF /* PushButtonViewController.xib in Resources */,
				6D80A627214BB7BA009B1EEF /* LaunchScreen.storyboard in Resources */,
				6D80A63B214BB856009B1EEF /* MainViewController.xib in Resources */,
				6D80A624214BB7BA009B1EEF /* Assets.xcassets in Resources */,
				6D80A636214BB856009B1EEF /* ValueInputViewController.xib in Resources */,
			);
			runOnlyForDeploymentPostprocessing = 0;
		};
/* End PBXResourcesBuildPhase section */

/* Begin PBXShellScriptBuildPhase section */
		0AA8D5869641975A86E99BAD /* [CP] Embed Pods Frameworks */ = {
			isa = PBXShellScriptBuildPhase;
			buildActionMask = 2147483647;
			files = (
			);
			inputPaths = (
				"${SRCROOT}/Pods/Target Support Files/Pods-SampleM/Pods-SampleM-frameworks.sh",
				"${BUILT_PRODUCTS_DIR}/Mew/Mew.framework",
			);
			name = "[CP] Embed Pods Frameworks";
			outputPaths = (
				"${TARGET_BUILD_DIR}/${FRAMEWORKS_FOLDER_PATH}/Mew.framework",
			);
			runOnlyForDeploymentPostprocessing = 0;
			shellPath = /bin/sh;
			shellScript = "\"${SRCROOT}/Pods/Target Support Files/Pods-SampleM/Pods-SampleM-frameworks.sh\"\n";
			showEnvVarsInLog = 0;
		};
		F7993CD960C8B9DCE72D2320 /* [CP] Check Pods Manifest.lock */ = {
			isa = PBXShellScriptBuildPhase;
			buildActionMask = 2147483647;
			files = (
			);
			inputPaths = (
				"${PODS_PODFILE_DIR_PATH}/Podfile.lock",
				"${PODS_ROOT}/Manifest.lock",
			);
			name = "[CP] Check Pods Manifest.lock";
			outputPaths = (
				"$(DERIVED_FILE_DIR)/Pods-SampleM-checkManifestLockResult.txt",
			);
			runOnlyForDeploymentPostprocessing = 0;
			shellPath = /bin/sh;
			shellScript = "diff \"${PODS_PODFILE_DIR_PATH}/Podfile.lock\" \"${PODS_ROOT}/Manifest.lock\" > /dev/null\nif [ $? != 0 ] ; then\n    # print error to STDERR\n    echo \"error: The sandbox is not in sync with the Podfile.lock. Run 'pod install' or update your CocoaPods installation.\" >&2\n    exit 1\nfi\n# This output is used by Xcode 'outputs' to avoid re-running this script phase.\necho \"SUCCESS\" > \"${SCRIPT_OUTPUT_FILE_0}\"\n";
			showEnvVarsInLog = 0;
		};
/* End PBXShellScriptBuildPhase section */

/* Begin PBXSourcesBuildPhase section */
		6D80A615214BB7B9009B1EEF /* Sources */ = {
			isa = PBXSourcesBuildPhase;
			buildActionMask = 2147483647;
			files = (
				6D80A63A214BB856009B1EEF /* PushButtonViewController.swift in Sources */,
				6D80A638214BB856009B1EEF /* MainViewController.swift in Sources */,
				6D80A61D214BB7B9009B1EEF /* AppDelegate.swift in Sources */,
				6D80A637214BB856009B1EEF /* ValueInputViewController.swift in Sources */,
				6D80A63D214BB897009B1EEF /* Environment.swift in Sources */,
			);
			runOnlyForDeploymentPostprocessing = 0;
		};
/* End PBXSourcesBuildPhase section */

/* Begin PBXVariantGroup section */
		6D80A625214BB7BA009B1EEF /* LaunchScreen.storyboard */ = {
			isa = PBXVariantGroup;
			children = (
				6D80A626214BB7BA009B1EEF /* Base */,
			);
			name = LaunchScreen.storyboard;
			sourceTree = "<group>";
		};
/* End PBXVariantGroup section */

/* Begin XCBuildConfiguration section */
		6D80A629214BB7BA009B1EEF /* Debug */ = {
			isa = XCBuildConfiguration;
			buildSettings = {
				ALWAYS_SEARCH_USER_PATHS = NO;
				CLANG_ANALYZER_NONNULL = YES;
				CLANG_ANALYZER_NUMBER_OBJECT_CONVERSION = YES_AGGRESSIVE;
				CLANG_CXX_LANGUAGE_STANDARD = "gnu++14";
				CLANG_CXX_LIBRARY = "libc++";
				CLANG_ENABLE_MODULES = YES;
				CLANG_ENABLE_OBJC_ARC = YES;
				CLANG_ENABLE_OBJC_WEAK = YES;
				CLANG_WARN_BLOCK_CAPTURE_AUTORELEASING = YES;
				CLANG_WARN_BOOL_CONVERSION = YES;
				CLANG_WARN_COMMA = YES;
				CLANG_WARN_CONSTANT_CONVERSION = YES;
				CLANG_WARN_DEPRECATED_OBJC_IMPLEMENTATIONS = YES;
				CLANG_WARN_DIRECT_OBJC_ISA_USAGE = YES_ERROR;
				CLANG_WARN_DOCUMENTATION_COMMENTS = YES;
				CLANG_WARN_EMPTY_BODY = YES;
				CLANG_WARN_ENUM_CONVERSION = YES;
				CLANG_WARN_INFINITE_RECURSION = YES;
				CLANG_WARN_INT_CONVERSION = YES;
				CLANG_WARN_NON_LITERAL_NULL_CONVERSION = YES;
				CLANG_WARN_OBJC_IMPLICIT_RETAIN_SELF = YES;
				CLANG_WARN_OBJC_LITERAL_CONVERSION = YES;
				CLANG_WARN_OBJC_ROOT_CLASS = YES_ERROR;
				CLANG_WARN_RANGE_LOOP_ANALYSIS = YES;
				CLANG_WARN_STRICT_PROTOTYPES = YES;
				CLANG_WARN_SUSPICIOUS_MOVE = YES;
				CLANG_WARN_UNGUARDED_AVAILABILITY = YES_AGGRESSIVE;
				CLANG_WARN_UNREACHABLE_CODE = YES;
				CLANG_WARN__DUPLICATE_METHOD_MATCH = YES;
				CODE_SIGN_IDENTITY = "iPhone Developer";
				COPY_PHASE_STRIP = NO;
				DEBUG_INFORMATION_FORMAT = dwarf;
				ENABLE_STRICT_OBJC_MSGSEND = YES;
				ENABLE_TESTABILITY = YES;
				GCC_C_LANGUAGE_STANDARD = gnu11;
				GCC_DYNAMIC_NO_PIC = NO;
				GCC_NO_COMMON_BLOCKS = YES;
				GCC_OPTIMIZATION_LEVEL = 0;
				GCC_PREPROCESSOR_DEFINITIONS = (
					"DEBUG=1",
					"$(inherited)",
				);
				GCC_WARN_64_TO_32_BIT_CONVERSION = YES;
				GCC_WARN_ABOUT_RETURN_TYPE = YES_ERROR;
				GCC_WARN_UNDECLARED_SELECTOR = YES;
				GCC_WARN_UNINITIALIZED_AUTOS = YES_AGGRESSIVE;
				GCC_WARN_UNUSED_FUNCTION = YES;
				GCC_WARN_UNUSED_VARIABLE = YES;
				IPHONEOS_DEPLOYMENT_TARGET = 11.4;
				MTL_ENABLE_DEBUG_INFO = YES;
				ONLY_ACTIVE_ARCH = YES;
				SDKROOT = iphoneos;
				SWIFT_ACTIVE_COMPILATION_CONDITIONS = DEBUG;
				SWIFT_OPTIMIZATION_LEVEL = "-Onone";
			};
			name = Debug;
		};
		6D80A62A214BB7BA009B1EEF /* Release */ = {
			isa = XCBuildConfiguration;
			buildSettings = {
				ALWAYS_SEARCH_USER_PATHS = NO;
				CLANG_ANALYZER_NONNULL = YES;
				CLANG_ANALYZER_NUMBER_OBJECT_CONVERSION = YES_AGGRESSIVE;
				CLANG_CXX_LANGUAGE_STANDARD = "gnu++14";
				CLANG_CXX_LIBRARY = "libc++";
				CLANG_ENABLE_MODULES = YES;
				CLANG_ENABLE_OBJC_ARC = YES;
				CLANG_ENABLE_OBJC_WEAK = YES;
				CLANG_WARN_BLOCK_CAPTURE_AUTORELEASING = YES;
				CLANG_WARN_BOOL_CONVERSION = YES;
				CLANG_WARN_COMMA = YES;
				CLANG_WARN_CONSTANT_CONVERSION = YES;
				CLANG_WARN_DEPRECATED_OBJC_IMPLEMENTATIONS = YES;
				CLANG_WARN_DIRECT_OBJC_ISA_USAGE = YES_ERROR;
				CLANG_WARN_DOCUMENTATION_COMMENTS = YES;
				CLANG_WARN_EMPTY_BODY = YES;
				CLANG_WARN_ENUM_CONVERSION = YES;
				CLANG_WARN_INFINITE_RECURSION = YES;
				CLANG_WARN_INT_CONVERSION = YES;
				CLANG_WARN_NON_LITERAL_NULL_CONVERSION = YES;
				CLANG_WARN_OBJC_IMPLICIT_RETAIN_SELF = YES;
				CLANG_WARN_OBJC_LITERAL_CONVERSION = YES;
				CLANG_WARN_OBJC_ROOT_CLASS = YES_ERROR;
				CLANG_WARN_RANGE_LOOP_ANALYSIS = YES;
				CLANG_WARN_STRICT_PROTOTYPES = YES;
				CLANG_WARN_SUSPICIOUS_MOVE = YES;
				CLANG_WARN_UNGUARDED_AVAILABILITY = YES_AGGRESSIVE;
				CLANG_WARN_UNREACHABLE_CODE = YES;
				CLANG_WARN__DUPLICATE_METHOD_MATCH = YES;
				CODE_SIGN_IDENTITY = "iPhone Developer";
				COPY_PHASE_STRIP = NO;
				DEBUG_INFORMATION_FORMAT = "dwarf-with-dsym";
				ENABLE_NS_ASSERTIONS = NO;
				ENABLE_STRICT_OBJC_MSGSEND = YES;
				GCC_C_LANGUAGE_STANDARD = gnu11;
				GCC_NO_COMMON_BLOCKS = YES;
				GCC_WARN_64_TO_32_BIT_CONVERSION = YES;
				GCC_WARN_ABOUT_RETURN_TYPE = YES_ERROR;
				GCC_WARN_UNDECLARED_SELECTOR = YES;
				GCC_WARN_UNINITIALIZED_AUTOS = YES_AGGRESSIVE;
				GCC_WARN_UNUSED_FUNCTION = YES;
				GCC_WARN_UNUSED_VARIABLE = YES;
				IPHONEOS_DEPLOYMENT_TARGET = 11.4;
				MTL_ENABLE_DEBUG_INFO = NO;
				SDKROOT = iphoneos;
				SWIFT_COMPILATION_MODE = wholemodule;
				SWIFT_OPTIMIZATION_LEVEL = "-O";
				VALIDATE_PRODUCT = YES;
			};
			name = Release;
		};
		6D80A62C214BB7BA009B1EEF /* Debug */ = {
			isa = XCBuildConfiguration;
			baseConfigurationReference = D4C2DB5306C4F4B2955FA6C2 /* Pods-SampleM.debug.xcconfig */;
			buildSettings = {
				ASSETCATALOG_COMPILER_APPICON_NAME = AppIcon;
				CODE_SIGN_STYLE = Automatic;
				DEVELOPMENT_TEAM = 944BL7G9C8;
				INFOPLIST_FILE = SampleM/Info.plist;
				LD_RUNPATH_SEARCH_PATHS = (
					"$(inherited)",
					"@executable_path/Frameworks",
				);
				PRODUCT_BUNDLE_IDENTIFIER = "jp.co.i-studio.in-house.SampleM";
				PRODUCT_NAME = "$(TARGET_NAME)";
				SWIFT_VERSION = 4.0;
				TARGETED_DEVICE_FAMILY = "1,2";
			};
			name = Debug;
		};
		6D80A62D214BB7BA009B1EEF /* Release */ = {
			isa = XCBuildConfiguration;
			baseConfigurationReference = E3DE29FBDB7257D3B1A5695C /* Pods-SampleM.release.xcconfig */;
			buildSettings = {
				ASSETCATALOG_COMPILER_APPICON_NAME = AppIcon;
				CODE_SIGN_STYLE = Automatic;
				DEVELOPMENT_TEAM = 944BL7G9C8;
				INFOPLIST_FILE = SampleM/Info.plist;
				LD_RUNPATH_SEARCH_PATHS = (
					"$(inherited)",
					"@executable_path/Frameworks",
				);
				PRODUCT_BUNDLE_IDENTIFIER = "jp.co.i-studio.in-house.SampleM";
				PRODUCT_NAME = "$(TARGET_NAME)";
				SWIFT_VERSION = 4.0;
				TARGETED_DEVICE_FAMILY = "1,2";
			};
			name = Release;
		};
/* End XCBuildConfiguration section */

/* Begin XCConfigurationList section */
		6D80A614214BB7B9009B1EEF /* Build configuration list for PBXProject "SampleM" */ = {
			isa = XCConfigurationList;
			buildConfigurations = (
				6D80A629214BB7BA009B1EEF /* Debug */,
				6D80A62A214BB7BA009B1EEF /* Release */,
			);
			defaultConfigurationIsVisible = 0;
			defaultConfigurationName = Release;
		};
		6D80A62B214BB7BA009B1EEF /* Build configuration list for PBXNativeTarget "SampleM" */ = {
			isa = XCConfigurationList;
			buildConfigurations = (
				6D80A62C214BB7BA009B1EEF /* Debug */,
				6D80A62D214BB7BA009B1EEF /* Release */,
			);
			defaultConfigurationIsVisible = 0;
			defaultConfigurationName = Release;
		};
/* End XCConfigurationList section */
	};
	rootObject = 6D80A611214BB7B9009B1EEF /* Project object */;
}
